<?xml version="1.0" encoding="utf-8"?>
<Project ToolsVersion="4.0" xmlns="http://schemas.microsoft.com/developer/msbuild/2003">
  <ItemGroup>
    <ClCompile Include="..\..\core\backend-loader.cpp">
      <Filter>Source Files</Filter>
    </ClCompile>
    <ClCompile Include="..\..\core\blob.cpp">
      <Filter>Source Files</Filter>
    </ClCompile>
    <ClCompile Include="..\..\core\connection-parameters.cpp">
      <Filter>Source Files</Filter>
    </ClCompile>
    <ClCompile Include="..\..\core\connection-pool.cpp">
      <Filter>Source Files</Filter>
    </ClCompile>
    <ClCompile Include="..\..\core\error.cpp">
      <Filter>Source Files</Filter>
    </ClCompile>
    <ClCompile Include="..\..\core\into-type.cpp">
      <Filter>Source Files</Filter>
    </ClCompile>
    <ClCompile Include="..\..\core\once-temp-type.cpp">
      <Filter>Source Files</Filter>
    </ClCompile>
    <ClCompile Include="..\..\core\prepare-temp-type.cpp">
      <Filter>Source Files</Filter>
    </ClCompile>
    <ClCompile Include="..\..\core\procedure.cpp">
      <Filter>Source Files</Filter>
    </ClCompile>
    <ClCompile Include="..\..\core\ref-counted-prepare-info.cpp">
      <Filter>Source Files</Filter>
    </ClCompile>
    <ClCompile Include="..\..\core\ref-counted-statement.cpp">
      <Filter>Source Files</Filter>
    </ClCompile>
    <ClCompile Include="..\..\core\row.cpp">
      <Filter>Source Files</Filter>
    </ClCompile>
    <ClCompile Include="..\..\core\rowid.cpp">
      <Filter>Source Files</Filter>
    </ClCompile>
    <ClCompile Include="..\..\core\session.cpp">
      <Filter>Source Files</Filter>
    </ClCompile>
    <ClCompile Include="..\..\core\soci-simple.cpp">
      <Filter>Source Files</Filter>
    </ClCompile>
    <ClCompile Include="..\..\core\statement.cpp">
      <Filter>Source Files</Filter>
    </ClCompile>
    <ClCompile Include="..\..\core\transaction.cpp">
      <Filter>Source Files</Filter>
    </ClCompile>
    <ClCompile Include="..\..\core\use-type.cpp">
      <Filter>Source Files</Filter>
    </ClCompile>
    <ClCompile Include="..\..\core\values.cpp">
      <Filter>Source Files</Filter>
    </ClCompile>
  </ItemGroup>
  <ItemGroup>
    <ClInclude Include="..\..\core\backend-loader.h">
      <Filter>Header Files</Filter>
    </ClInclude>
    <ClInclude Include="..\..\core\blob-exchange.h">
      <Filter>Header Files</Filter>
    </ClInclude>
    <ClInclude Include="..\..\core\blob.h">
      <Filter>Header Files</Filter>
    </ClInclude>
    <ClInclude Include="..\..\core\boost-fusion.h">
      <Filter>Header Files</Filter>
    </ClInclude>
    <ClInclude Include="..\..\core\boost-gregorian-date.h">
      <Filter>Header Files</Filter>
    </ClInclude>
    <ClInclude Include="..\..\core\boost-optional.h">
      <Filter>Header Files</Filter>
    </ClInclude>
    <ClInclude Include="..\..\core\boost-tuple.h">
      <Filter>Header Files</Filter>
    </ClInclude>
    <ClInclude Include="..\..\core\connection-parameters.h">
      <Filter>Header Files</Filter>
    </ClInclude>
    <ClInclude Include="..\..\core\connection-pool.h">
      <Filter>Header Files</Filter>
    </ClInclude>
    <ClInclude Include="..\..\core\error.h">
      <Filter>Header Files</Filter>
    </ClInclude>
    <ClInclude Include="..\..\core\exchange-traits.h">
      <Filter>Header Files</Filter>
    </ClInclude>
    <ClInclude Include="..\..\core\into-type.h">
      <Filter>Header Files</Filter>
    </ClInclude>
    <ClInclude Include="..\..\core\into.h">
      <Filter>Header Files</Filter>
    </ClInclude>
    <ClInclude Include="..\..\core\once-temp-type.h">
      <Filter>Header Files</Filter>
    </ClInclude>
    <ClInclude Include="..\..\core\prepare-temp-type.h">
      <Filter>Header Files</Filter>
    </ClInclude>
    <ClInclude Include="..\..\core\procedure.h">
      <Filter>Header Files</Filter>
    </ClInclude>
    <ClInclude Include="..\..\core\query_transformation.h">
      <Filter>Header Files</Filter>
    </ClInclude>
    <ClInclude Include="..\..\core\ref-counted-prepare-info.h">
      <Filter>Header Files</Filter>
    </ClInclude>
    <ClInclude Include="..\..\core\ref-counted-statement.h">
      <Filter>Header Files</Filter>
    </ClInclude>
    <ClInclude Include="..\..\core\row-exchange.h">
      <Filter>Header Files</Filter>
    </ClInclude>
    <ClInclude Include="..\..\core\row.h">
      <Filter>Header Files</Filter>
    </ClInclude>
    <ClInclude Include="..\..\core\rowid-exchange.h">
      <Filter>Header Files</Filter>
    </ClInclude>
    <ClInclude Include="..\..\core\rowid.h">
      <Filter>Header Files</Filter>
    </ClInclude>
    <ClInclude Include="..\..\core\rowset.h">
      <Filter>Header Files</Filter>
    </ClInclude>
    <ClInclude Include="..\..\core\session.h">
      <Filter>Header Files</Filter>
    </ClInclude>
    <ClInclude Include="..\..\core\soci-backend.h">
      <Filter>Header Files</Filter>
    </ClInclude>
    <ClInclude Include="..\..\core\soci-config.h">
      <Filter>Header Files</Filter>
    </ClInclude>
    <ClInclude Include="..\..\core\soci-platform.h">
      <Filter>Header Files</Filter>
    </ClInclude>
    <ClInclude Include="..\..\core\soci-simple.h">
      <Filter>Header Files</Filter>
    </ClInclude>
    <ClInclude Include="..\..\core\soci.h">
      <Filter>Header Files</Filter>
    </ClInclude>
    <ClInclude Include="..\..\core\statement.h">
      <Filter>Header Files</Filter>
    </ClInclude>
    <ClInclude Include="..\..\core\transaction.h">
      <Filter>Header Files</Filter>
    </ClInclude>
    <ClInclude Include="..\..\core\type-conversion-traits.h">
      <Filter>Header Files</Filter>
    </ClInclude>
    <ClInclude Include="..\..\core\type-conversion.h">
      <Filter>Header Files</Filter>
    </ClInclude>
    <ClInclude Include="..\..\core\type-holder.h">
      <Filter>Header Files</Filter>
    </ClInclude>
    <ClInclude Include="..\..\core\type-ptr.h">
      <Filter>Header Files</Filter>
    </ClInclude>
    <ClInclude Include="..\..\core\unsigned-types.h">
      <Filter>Header Files</Filter>
    </ClInclude>
    <ClInclude Include="..\..\core\use-type.h">
      <Filter>Header Files</Filter>
    </ClInclude>
    <ClInclude Include="..\..\core\use.h">
      <Filter>Header Files</Filter>
    </ClInclude>
    <ClInclude Include="..\..\core\values-exchange.h">
      <Filter>Header Files</Filter>
    </ClInclude>
    <ClInclude Include="..\..\core\values.h">
      <Filter>Header Files</Filter>
    </ClInclude>
    <ClInclude Include="..\..\core\version.h">
      <Filter>Header Files</Filter>
    </ClInclude>
  </ItemGroup>
  <ItemGroup>
    <CustomBuild Include="..\..\core\CMakeLists.txt">
      <Filter>CMake Files</Filter>
    </CustomBuild>
  </ItemGroup>
  <ItemGroup>
    <Filter Include="Source Files">
      <UniqueIdentifier>{BCE32B87-D954-4013-8CB4-AC45AE4E5951}</UniqueIdentifier>
    </Filter>
    <Filter Include="Header Files">
      <UniqueIdentifier>{F53682AE-7E69-43E0-B6D1-587C4DCCBF90}</UniqueIdentifier>
    </Filter>
    <Filter Include="CMake Files">
      <UniqueIdentifier>{EC75AA03-9B99-4C72-B0A3-556BC1BD4B09}</UniqueIdentifier>
    </Filter>
  </ItemGroup>
</Project>
